
Microsoft Visual Studio Solution File, Format Version 12.00
# Visual Studio Version 16
VisualStudioVersion = 16.0.30011.22
MinimumVisualStudioVersion = 10.0.40219.1
Project("{FAE04EC0-301F-11D3-BF4B-00C04F79EFBC}") = "RenjuAdvisor", "RenjuAdvisor\RenjuAdvisor.csproj", "{ACE4B3CC-92F0-44B1-987E-1C22C290D492}"
EndProject
Project("{FAE04EC0-301F-11D3-BF4B-00C04F79EFBC}") = "Test", "Test\Test.csproj", "{C20CBA4C-A0A0-4FCE-B135-2FC12BFD43F0}"
EndProject
Global
	GlobalSection(SolutionConfigurationPlatforms) = preSolution
		Debug|Any CPU = Debug|Any CPU
		Release|Any CPU = Release|Any CPU
	EndGlobalSection
	GlobalSection(ProjectConfigurationPlatforms) = postSolution
		{ACE4B3CC-92F0-44B1-987E-1C22C290D492}.Debug|Any CPU.ActiveCfg = Debug|Any CPU
		{ACE4B3CC-92F0-44B1-987E-1C22C290D492}.Debug|Any CPU.Build.0 = Debug|Any CPU
		{ACE4B3CC-92F0-44B1-987E-1C22C290D492}.Release|Any CPU.ActiveCfg = Release|Any CPU
		{ACE4B3CC-92F0-44B1-987E-1C22C290D492}.Release|Any CPU.Build.0 = Release|Any CPU
		{C20CBA4C-A0A0-4FCE-B135-2FC12BFD43F0}.Debug|Any CPU.ActiveCfg = Debug|Any CPU
		{C20CBA4C-A0A0-4FCE-B135-2FC12BFD43F0}.Debug|Any CPU.Build.0 = Debug|Any CPU
		{C20CBA4C-A0A0-4FCE-B135-2FC12BFD43F0}.Release|Any CPU.ActiveCfg = Release|Any CPU
		{C20CBA4C-A0A0-4FCE-B135-2FC12BFD43F0}.Release|Any CPU.Build.0 = Release|Any CPU
	EndGlobalSection
	GlobalSection(SolutionProperties) = preSolution
		HideSolutionNode = FALSE
	EndGlobalSection
	GlobalSection(ExtensibilityGlobals) = postSolution
		SolutionGuid = {DB42E2E3-585F-4735-BD47-DD311E63E818}
	EndGlobalSection
EndGlobal
