
Microsoft Visual Studio Solution File, Format Version 12.00
# Visual Studio Version 16
VisualStudioVersion = 16.0.30104.148
MinimumVisualStudioVersion = 10.0.40219.1
Project("{FAE04EC0-301F-11D3-BF4B-00C04F79EFBC}") = "WpfTest", "WpfTest\WpfTest.csproj", "{D36BE16E-1ACD-46FF-9007-642026568061}"
EndProject
Global
	GlobalSection(SolutionConfigurationPlatforms) = preSolution
		Debug|Any CPU = Debug|Any CPU
		Release|Any CPU = Release|Any CPU
	EndGlobalSection
	GlobalSection(ProjectConfigurationPlatforms) = postSolution
		{D36BE16E-1ACD-46FF-9007-642026568061}.Debug|Any CPU.ActiveCfg = Debug|Any CPU
		{D36BE16E-1ACD-46FF-9007-642026568061}.Debug|Any CPU.Build.0 = Debug|Any CPU
		{D36BE16E-1ACD-46FF-9007-642026568061}.Release|Any CPU.ActiveCfg = Release|Any CPU
		{D36BE16E-1ACD-46FF-9007-642026568061}.Release|Any CPU.Build.0 = Release|Any CPU
	EndGlobalSection
	GlobalSection(SolutionProperties) = preSolution
		HideSolutionNode = FALSE
	EndGlobalSection
	GlobalSection(ExtensibilityGlobals) = postSolution
		SolutionGuid = {A41161F9-8268-4B9E-A167-99A3C542CC51}
	EndGlobalSection
EndGlobal
